
Microsoft Visual Studio Solution File, Format Version 12.00
# Visual Studio Version 17
VisualStudioVersion = 17.3.32922.545
MinimumVisualStudioVersion = 10.0.40219.1
Project("{FAE04EC0-301F-11D3-BF4B-00C04F79EFBC}") = "RockPaperScissors", "RockPaperScissors\RockPaperScissors.csproj", "{EF6FE8C2-4D4C-4E14-88EA-9896B763C23D}"
EndProject
Global
	GlobalSection(SolutionConfigurationPlatforms) = preSolution
		Debug|Any CPU = Debug|Any CPU
		Release|Any CPU = Release|Any CPU
	EndGlobalSection
	GlobalSection(ProjectConfigurationPlatforms) = postSolution
		{EF6FE8C2-4D4C-4E14-88EA-9896B763C23D}.Debug|Any CPU.ActiveCfg = Debug|Any CPU
		{EF6FE8C2-4D4C-4E14-88EA-9896B763C23D}.Debug|Any CPU.Build.0 = Debug|Any CPU
		{EF6FE8C2-4D4C-4E14-88EA-9896B763C23D}.Release|Any CPU.ActiveCfg = Release|Any CPU
		{EF6FE8C2-4D4C-4E14-88EA-9896B763C23D}.Release|Any CPU.Build.0 = Release|Any CPU
	EndGlobalSection
	GlobalSection(SolutionProperties) = preSolution
		HideSolutionNode = FALSE
	EndGlobalSection
	GlobalSection(ExtensibilityGlobals) = postSolution
		SolutionGuid = {FF2B99B0-A7F4-499D-8389-395A30D0D790}
	EndGlobalSection
EndGlobal
